
Microsoft Visual Studio Solution File, Format Version 12.00
# Visual Studio Version 16
VisualStudioVersion = 16.0.30804.86
MinimumVisualStudioVersion = 10.0.40219.1
Project("{FAE04EC0-301F-11D3-BF4B-00C04F79EFBC}") = "Gestion des etudiants", "Gestion des etudiants\Gestion des etudiants.csproj", "{B627F72F-2C6E-4714-B39C-38A9962CFCC2}"
EndProject
Project("{54435603-DBB4-11D2-8724-00A0C9A8B90C}") = "Setup1", "Setup1\Setup1.vdproj", "{4F812137-4074-4E03-9EE8-2F0AE848938A}"
EndProject
Global
	GlobalSection(SolutionConfigurationPlatforms) = preSolution
		Debug|Any CPU = Debug|Any CPU
		Release|Any CPU = Release|Any CPU
	EndGlobalSection
	GlobalSection(ProjectConfigurationPlatforms) = postSolution
		{B627F72F-2C6E-4714-B39C-38A9962CFCC2}.Debug|Any CPU.ActiveCfg = Debug|Any CPU
		{B627F72F-2C6E-4714-B39C-38A9962CFCC2}.Debug|Any CPU.Build.0 = Debug|Any CPU
		{B627F72F-2C6E-4714-B39C-38A9962CFCC2}.Release|Any CPU.ActiveCfg = Release|Any CPU
		{B627F72F-2C6E-4714-B39C-38A9962CFCC2}.Release|Any CPU.Build.0 = Release|Any CPU
		{4F812137-4074-4E03-9EE8-2F0AE848938A}.Debug|Any CPU.ActiveCfg = Debug
		{4F812137-4074-4E03-9EE8-2F0AE848938A}.Release|Any CPU.ActiveCfg = Release
	EndGlobalSection
	GlobalSection(SolutionProperties) = preSolution
		HideSolutionNode = FALSE
	EndGlobalSection
	GlobalSection(ExtensibilityGlobals) = postSolution
		SolutionGuid = {CF6D13BF-B2D5-4967-ACB6-BE06A7CD9993}
	EndGlobalSection
EndGlobal
